
Microsoft Visual Studio Solution File, Format Version 12.00
# Visual Studio Version 17
VisualStudioVersion = 17.7.34018.315
MinimumVisualStudioVersion = 10.0.40219.1
Project("{9A19103F-16F7-4668-BE54-9A1E7A4F7556}") = "Zion1.Common.Application", "Zion1.Common.Application\Zion1.Common.Application.csproj", "{59470C4D-0D9F-41DF-94BB-4DFD29F8588D}"
EndProject
Project("{9A19103F-16F7-4668-BE54-9A1E7A4F7556}") = "Zion1.Common.Domain", "Zion1.Common.Domain\Zion1.Common.Domain.csproj", "{E3875A9A-EEFA-40BF-85F2-494066E4D815}"
EndProject
Project("{9A19103F-16F7-4668-BE54-9A1E7A4F7556}") = "Zion1.Common.Helper", "Zion1.Common.Helper\Zion1.Common.Helper.csproj", "{9C1955F7-FD60-4929-A4C0-70E61484B1B3}"
EndProject
Project("{9A19103F-16F7-4668-BE54-9A1E7A4F7556}") = "Zion1.Common.Infrastructure", "Zion1.Common.Infrastructure\Zion1.Common.Infrastructure.csproj", "{54A51533-063A-4090-9E56-022B823547B0}"
EndProject
Project("{FAE04EC0-301F-11D3-BF4B-00C04F79EFBC}") = "Zion1.Common.Nuget", "Zion1.Common.Nuget\Zion1.Common.Nuget.csproj", "{B8011104-34CE-4150-8775-F40269EC6D68}"
EndProject
Project("{9A19103F-16F7-4668-BE54-9A1E7A4F7556}") = "Zion1.Common.Api", "Zion1.Common.Api\Zion1.Common.Api.csproj", "{E2C2B87B-2DF3-4C20-9F85-6774433F50AE}"
EndProject
Project("{9A19103F-16F7-4668-BE54-9A1E7A4F7556}") = "Zion1.Common.Components", "Zion1.Common.Components\Zion1.Common.Components.csproj", "{C95FFAB1-E934-4136-B392-671DE8130570}"
EndProject
Global
	GlobalSection(SolutionConfigurationPlatforms) = preSolution
		Debug|Any CPU = Debug|Any CPU
		Release|Any CPU = Release|Any CPU
	EndGlobalSection
	GlobalSection(ProjectConfigurationPlatforms) = postSolution
		{59470C4D-0D9F-41DF-94BB-4DFD29F8588D}.Debug|Any CPU.ActiveCfg = Debug|Any CPU
		{59470C4D-0D9F-41DF-94BB-4DFD29F8588D}.Debug|Any CPU.Build.0 = Debug|Any CPU
		{59470C4D-0D9F-41DF-94BB-4DFD29F8588D}.Release|Any CPU.ActiveCfg = Release|Any CPU
		{59470C4D-0D9F-41DF-94BB-4DFD29F8588D}.Release|Any CPU.Build.0 = Release|Any CPU
		{E3875A9A-EEFA-40BF-85F2-494066E4D815}.Debug|Any CPU.ActiveCfg = Debug|Any CPU
		{E3875A9A-EEFA-40BF-85F2-494066E4D815}.Debug|Any CPU.Build.0 = Debug|Any CPU
		{E3875A9A-EEFA-40BF-85F2-494066E4D815}.Release|Any CPU.ActiveCfg = Release|Any CPU
		{E3875A9A-EEFA-40BF-85F2-494066E4D815}.Release|Any CPU.Build.0 = Release|Any CPU
		{9C1955F7-FD60-4929-A4C0-70E61484B1B3}.Debug|Any CPU.ActiveCfg = Debug|Any CPU
		{9C1955F7-FD60-4929-A4C0-70E61484B1B3}.Debug|Any CPU.Build.0 = Debug|Any CPU
		{9C1955F7-FD60-4929-A4C0-70E61484B1B3}.Release|Any CPU.ActiveCfg = Release|Any CPU
		{9C1955F7-FD60-4929-A4C0-70E61484B1B3}.Release|Any CPU.Build.0 = Release|Any CPU
		{54A51533-063A-4090-9E56-022B823547B0}.Debug|Any CPU.ActiveCfg = Debug|Any CPU
		{54A51533-063A-4090-9E56-022B823547B0}.Debug|Any CPU.Build.0 = Debug|Any CPU
		{54A51533-063A-4090-9E56-022B823547B0}.Release|Any CPU.ActiveCfg = Release|Any CPU
		{54A51533-063A-4090-9E56-022B823547B0}.Release|Any CPU.Build.0 = Release|Any CPU
		{B8011104-34CE-4150-8775-F40269EC6D68}.Debug|Any CPU.ActiveCfg = Debug|Any CPU
		{B8011104-34CE-4150-8775-F40269EC6D68}.Debug|Any CPU.Build.0 = Debug|Any CPU
		{B8011104-34CE-4150-8775-F40269EC6D68}.Release|Any CPU.ActiveCfg = Release|Any CPU
		{B8011104-34CE-4150-8775-F40269EC6D68}.Release|Any CPU.Build.0 = Release|Any CPU
		{E2C2B87B-2DF3-4C20-9F85-6774433F50AE}.Debug|Any CPU.ActiveCfg = Debug|Any CPU
		{E2C2B87B-2DF3-4C20-9F85-6774433F50AE}.Debug|Any CPU.Build.0 = Debug|Any CPU
		{E2C2B87B-2DF3-4C20-9F85-6774433F50AE}.Release|Any CPU.ActiveCfg = Release|Any CPU
		{E2C2B87B-2DF3-4C20-9F85-6774433F50AE}.Release|Any CPU.Build.0 = Release|Any CPU
		{C95FFAB1-E934-4136-B392-671DE8130570}.Debug|Any CPU.ActiveCfg = Debug|Any CPU
		{C95FFAB1-E934-4136-B392-671DE8130570}.Debug|Any CPU.Build.0 = Debug|Any CPU
		{C95FFAB1-E934-4136-B392-671DE8130570}.Release|Any CPU.ActiveCfg = Release|Any CPU
		{C95FFAB1-E934-4136-B392-671DE8130570}.Release|Any CPU.Build.0 = Release|Any CPU
	EndGlobalSection
	GlobalSection(SolutionProperties) = preSolution
		HideSolutionNode = FALSE
	EndGlobalSection
	GlobalSection(ExtensibilityGlobals) = postSolution
		SolutionGuid = {785FC811-D3BA-4609-831B-5EAAD5DE4D60}
	EndGlobalSection
EndGlobal
